{
  "name": "rollup-example",
  "version": "1.0.0",
  "lockfileVersion": 1,
  "requires": true,
  "dependencies": {
    "@types/estree": {
      "version": "0.0.42",
      "resolved": "https://registry.npm.taobao.org/@types/estree/download/@types/estree-0.0.42.tgz",
      "integrity": "sha1-jQwfSAM57+2z5GBw4i3WPgQw3RE=",
      "dev": true
    },
    "@types/node": {
      "version": "13.7.7",
      "resolved": "https://registry.npm.taobao.org/@types/node/download/@types/node-13.7.7.tgz?cache=0&sync_timestamp=1582916472875&other_urls=https%3A%2F%2Fregistry.npm.taobao.org%2F%40types%2Fnode%2Fdownload%2F%40types%2Fnode-13.7.7.tgz",
      "integrity": "sha1-FijmRhuozJtTGW3+rux7B/pu6pk=",
      "dev": true
    },
    "acorn": {
      "version": "7.1.1",
      "resolved": "https://registry.npm.taobao.org/acorn/download/acorn-7.1.1.tgz?cache=0&sync_timestamp=1583066442663&other_urls=https%3A%2F%2Fregistry.npm.taobao.org%2Facorn%2Fdownload%2Facorn-7.1.1.tgz",
      "integrity": "sha1-41Zo3gtALzWd5RXFSCoaufiaab8=",
      "dev": true
    },
    "rollup": {
      "version": "1.32.0",
      "resolved": "https://registry.npm.taobao.org/rollup/download/rollup-1.32.0.tgz",
      "integrity": "sha1-xlzhNIUKyhzllfysB9HcXVO/Inw=",
      "dev": true,
      "requires": {
        "@types/estree": "*",
        "@types/node": "*",
        "acorn": "^7.1.0"
      }
    }
  }
}
